// !$*UTF8*$!
{
	archiveVersion = 1;
	classes = {
	};
	objectVersion = 45;
	objects = {

/* Begin PBXBuildFile section */
		81975D8B1593EC5E00880B44 /* ExternalAccessory.framework in Frameworks */ = {isa = PBXBuildFile; fileRef = 81975D8A1593EC5D00880B44 /* ExternalAccessory.framework */; };
		81975D891593EC4900880B44 /* RobotKit.framework in Frameworks */ = {isa = PBXBuildFile; fileRef = 81975D881593EC4900880B44 /* RobotKit.framework */; };
		08B24F76137BFDFA00FBA309 /* iAd.framework in Frameworks */ = {isa = PBXBuildFile; fileRef = 08B24F75137BFDFA00FBA309 /* iAd.framework */; settings = {ATTRIBUTES = (Weak, ); }; };
		08B24F8A137BFE0700FBA309 /* iAd.framework in Frameworks */ = {isa = PBXBuildFile; fileRef = 08B24F75137BFDFA00FBA309 /* iAd.framework */; settings = {ATTRIBUTES = (Weak, ); }; };
		1D60589F0D05DD5A006BFB54 /* Foundation.framework in Frameworks */ = {isa = PBXBuildFile; fileRef = 1D30AB110D05D00D00671497 /* Foundation.framework */; };
		564640A11605DDE500F79DC3 /* Default-568h@2x.png in Resources */ = {isa = PBXBuildFile; fileRef = 564640A01605DDE500F79DC3 /* Default-568h@2x.png */; };
		564640A81605E0A800F79DC3 /* Default-568h@2x.png in Resources */ = {isa = PBXBuildFile; fileRef = 564640A01605DDE500F79DC3 /* Default-568h@2x.png */; };
		567B6200014A9F340000AA1F /* mscorlib.dll.s in Sources */ = {isa = PBXBuildFile; fileRef = D8A1C7000E80637F100160D4 /* mscorlib.dll.s */; };
		567B6256114A9F340000AA1F /* MainWindow.xib in Resources */ = {isa = PBXBuildFile; fileRef = D82DCFBC0E8000A5005D6AD8 /* MainWindow.xib */; };
		567B6257114A9F340000AA1F /* Default.png in Resources */ = {isa = PBXBuildFile; fileRef = 83DEA7410EACED0700D8A291 /* Default.png */; };
		567B6258114A9F340000AA1F /* Icon.png in Resources */ = {isa = PBXBuildFile; fileRef = 83DEA7420EACED0700D8A291 /* Icon.png */; };
		567B625C114A9F340000AA1F /* AppController.mm in Sources */ = {isa = PBXBuildFile; fileRef = D82DCFB70E8000A5005D6AD8 /* AppController.mm */; };
		567B625D114A9F340000AA1F /* iPhone_target2AppDelegate.m in Sources */ = {isa = PBXBuildFile; fileRef = D82DCFB90E8000A5005D6AD8 /* iPhone_target2AppDelegate.m */; };
		567B625E114A9F340000AA1F /* main.mm in Sources */ = {isa = PBXBuildFile; fileRef = D82DCFBB0E8000A5005D6AD8 /* main.mm */; };
		567B625F114A9F340000AA1F /* RegisterClasses.cpp in Sources */ = {isa = PBXBuildFile; fileRef = D82DCFBD0E8000A5005D6AD8 /* RegisterClasses.cpp */; };
		567B6261114A9F340000AA1F /* RegisterMonoModules.cpp in Sources */ = {isa = PBXBuildFile; fileRef = D8A1C7240E80637F000160D3 /* RegisterMonoModules.cpp */; };
		567B6263114A9F340000AA1F /* Foundation.framework in Frameworks */ = {isa = PBXBuildFile; fileRef = 1D30AB110D05D00D00671497 /* Foundation.framework */; };
		567B6264114A9F340000AA1F /* UIKit.framework in Frameworks */ = {isa = PBXBuildFile; fileRef = 830B5C100E5ED4C100C7819F /* UIKit.framework */; };
		567B6265114A9F340000AA1F /* OpenGLES.framework in Frameworks */ = {isa = PBXBuildFile; fileRef = 83B256E10E62FEA000468741 /* OpenGLES.framework */; };
		567B6266114A9F340000AA1F /* QuartzCore.framework in Frameworks */ = {isa = PBXBuildFile; fileRef = 83B2570A0E62FF8A00468741 /* QuartzCore.framework */; };
		567B6267114A9F340000AA1F /* OpenAL.framework in Frameworks */ = {isa = PBXBuildFile; fileRef = 83B2574B0E63022200468741 /* OpenAL.framework */; };
		567B6268114A9F340000AA1F /* libiconv.2.dylib in Frameworks */ = {isa = PBXBuildFile; fileRef = 83B2574E0E63025400468741 /* libiconv.2.dylib */; };
		567B626A114A9F340000AA1F /* AudioToolbox.framework in Frameworks */ = {isa = PBXBuildFile; fileRef = 8358D1B70ED1CC3700E3A684 /* AudioToolbox.framework */; };
		567B626B114A9F340000AA1F /* CFNetwork.framework in Frameworks */ = {isa = PBXBuildFile; fileRef = 56FD43950ED4745200FE3770 /* CFNetwork.framework */; };
		567B626C114A9F340000AA1F /* MediaPlayer.framework in Frameworks */ = {isa = PBXBuildFile; fileRef = 5682F4B10F3B34FF007A219C /* MediaPlayer.framework */; };
		567B626D114A9F340000AA1F /* CoreLocation.framework in Frameworks */ = {isa = PBXBuildFile; fileRef = 5692F3DC0FA9D8E500EBA2F1 /* CoreLocation.framework */; };
		567B626E114A9F340000AA1F /* SystemConfiguration.framework in Frameworks */ = {isa = PBXBuildFile; fileRef = 56BCBA380FCF049A0030C3B2 /* SystemConfiguration.framework */; };
		567B635B114AA8010000AA1F /* libiPhone-lib.a in Frameworks */ = {isa = PBXBuildFile; fileRef = D8A1C72A0E8063A1000160D3 /* libiPhone-lib.a */; };
		5682F4B20F3B34FF007A219C /* MediaPlayer.framework in Frameworks */ = {isa = PBXBuildFile; fileRef = 5682F4B10F3B34FF007A219C /* MediaPlayer.framework */; };
		5692F3DD0FA9D8E500EBA2F1 /* CoreLocation.framework in Frameworks */ = {isa = PBXBuildFile; fileRef = 5692F3DC0FA9D8E500EBA2F1 /* CoreLocation.framework */; };
		56B7959B1442E0F20026B3DD /* CoreGraphics.framework in Frameworks */ = {isa = PBXBuildFile; fileRef = 56B7959A1442E0F20026B3DD /* CoreGraphics.framework */; };
		56B7959E1442E0FF0026B3DD /* CoreGraphics.framework in Frameworks */ = {isa = PBXBuildFile; fileRef = 56B7959A1442E0F20026B3DD /* CoreGraphics.framework */; };
		56B795C21442E1100026B3DD /* CoreMotion.framework in Frameworks */ = {isa = PBXBuildFile; fileRef = 56B795C11442E1100026B3DD /* CoreMotion.framework */; settings = {ATTRIBUTES = (Weak, ); }; };
		56B7960F1442E1770026B3DD /* CoreMotion.framework in Frameworks */ = {isa = PBXBuildFile; fileRef = 56B795C11442E1100026B3DD /* CoreMotion.framework */; settings = {ATTRIBUTES = (Weak, ); }; };
		56B7961A1442E1B80026B3DD /* GameKit.framework in Frameworks */ = {isa = PBXBuildFile; fileRef = 56B796191442E1B80026B3DD /* GameKit.framework */; settings = {ATTRIBUTES = (Weak, ); }; };
		56B7961D1442E1C30026B3DD /* GameKit.framework in Frameworks */ = {isa = PBXBuildFile; fileRef = 56B796191442E1B80026B3DD /* GameKit.framework */; settings = {ATTRIBUTES = (Weak, ); }; };
		56BCBA390FCF049A0030C3B2 /* SystemConfiguration.framework in Frameworks */ = {isa = PBXBuildFile; fileRef = 56BCBA380FCF049A0030C3B2 /* SystemConfiguration.framework */; };
		56FD43960ED4745200FE3770 /* CFNetwork.framework in Frameworks */ = {isa = PBXBuildFile; fileRef = 56FD43950ED4745200FE3770 /* CFNetwork.framework */; };
		7F36C11113C5C673007FBDD9 /* CoreMedia.framework in Frameworks */ = {isa = PBXBuildFile; fileRef = 7F36C10E13C5C673007FBDD9 /* CoreMedia.framework */; };
		7F36C11213C5C673007FBDD9 /* CoreVideo.framework in Frameworks */ = {isa = PBXBuildFile; fileRef = 7F36C10F13C5C673007FBDD9 /* CoreVideo.framework */; };
		7F36C11313C5C673007FBDD9 /* AVFoundation.framework in Frameworks */ = {isa = PBXBuildFile; fileRef = 7F36C11013C5C673007FBDD9 /* AVFoundation.framework */; settings = {ATTRIBUTES = (Weak, ); }; };
		7F36C11413C5C673007FBDD9 /* CoreMedia.framework in Frameworks */ = {isa = PBXBuildFile; fileRef = 7F36C10E13C5C673007FBDD9 /* CoreMedia.framework */; };
		7F36C11513C5C673007FBDD9 /* CoreVideo.framework in Frameworks */ = {isa = PBXBuildFile; fileRef = 7F36C10F13C5C673007FBDD9 /* CoreVideo.framework */; };
		7F36C11613C5C673007FBDD9 /* AVFoundation.framework in Frameworks */ = {isa = PBXBuildFile; fileRef = 7F36C11013C5C673007FBDD9 /* AVFoundation.framework */; settings = {ATTRIBUTES = (Weak, ); }; };
		830B5C110E5ED4C100C7819F /* UIKit.framework in Frameworks */ = {isa = PBXBuildFile; fileRef = 830B5C100E5ED4C100C7819F /* UIKit.framework */; };
		8358D1B80ED1CC3700E3A684 /* AudioToolbox.framework in Frameworks */ = {isa = PBXBuildFile; fileRef = 8358D1B70ED1CC3700E3A684 /* AudioToolbox.framework */; };
		83B256E20E62FEA000468741 /* OpenGLES.framework in Frameworks */ = {isa = PBXBuildFile; fileRef = 83B256E10E62FEA000468741 /* OpenGLES.framework */; };
		83B2570B0E62FF8A00468741 /* QuartzCore.framework in Frameworks */ = {isa = PBXBuildFile; fileRef = 83B2570A0E62FF8A00468741 /* QuartzCore.framework */; };
		83B2574C0E63022200468741 /* OpenAL.framework in Frameworks */ = {isa = PBXBuildFile; fileRef = 83B2574B0E63022200468741 /* OpenAL.framework */; };
		83B2574F0E63025400468741 /* libiconv.2.dylib in Frameworks */ = {isa = PBXBuildFile; fileRef = 83B2574E0E63025400468741 /* libiconv.2.dylib */; };
		83DEA7430EACED0700D8A291 /* Default.png in Resources */ = {isa = PBXBuildFile; fileRef = 83DEA7410EACED0700D8A291 /* Default.png */; };
		83DEA7440EACED0700D8A291 /* Icon.png in Resources */ = {isa = PBXBuildFile; fileRef = 83DEA7420EACED0700D8A291 /* Icon.png */; };
		8A2EF43E138549090070AA2F /* iPhone_Profiler.cpp in Sources */ = {isa = PBXBuildFile; fileRef = 8A2EF43C138549090070AA2F /* iPhone_Profiler.cpp */; };
		8A2EF43F138549090070AA2F /* iPhone_Profiler.cpp in Sources */ = {isa = PBXBuildFile; fileRef = 8A2EF43C138549090070AA2F /* iPhone_Profiler.cpp */; };
		8A2EF57A13856A230070AA2F /* iPhone_GlesSupport.cpp in Sources */ = {isa = PBXBuildFile; fileRef = 8A2EF57813856A230070AA2F /* iPhone_GlesSupport.cpp */; };
		8A2EF57B13856A230070AA2F /* iPhone_GlesSupport.cpp in Sources */ = {isa = PBXBuildFile; fileRef = 8A2EF57813856A230070AA2F /* iPhone_GlesSupport.cpp */; };
		D82DCFC10E8000A5005D6AD8 /* AppController.mm in Sources */ = {isa = PBXBuildFile; fileRef = D82DCFB70E8000A5005D6AD8 /* AppController.mm */; };
		D82DCFC20E8000A5005D6AD8 /* iPhone_target2AppDelegate.m in Sources */ = {isa = PBXBuildFile; fileRef = D82DCFB90E8000A5005D6AD8 /* iPhone_target2AppDelegate.m */; };
		D82DCFC30E8000A5005D6AD8 /* main.mm in Sources */ = {isa = PBXBuildFile; fileRef = D82DCFBB0E8000A5005D6AD8 /* main.mm */; };
		D82DCFC40E8000A5005D6AD8 /* MainWindow.xib in Resources */ = {isa = PBXBuildFile; fileRef = D82DCFBC0E8000A5005D6AD8 /* MainWindow.xib */; };
		D82DCFC50E8000A5005D6AD8 /* RegisterClasses.cpp in Sources */ = {isa = PBXBuildFile; fileRef = D82DCFBD0E8000A5005D6AD8 /* RegisterClasses.cpp */; };
		D8A1C7000E80637F000160D4 /* Assembly-CSharp-firstpass.dll.s in Sources */ = {isa = PBXBuildFile; fileRef = D8A1C7000E80637F100160D4 /* Assembly-CSharp-firstpass.dll.s */; };
		D8A1C7001E80637F000160D4 /* Assembly-CSharp.dll.s in Sources */ = {isa = PBXBuildFile; fileRef = D8A1C7001E80637F100160D4 /* Assembly-CSharp.dll.s */; };
		D8A1C7002E80637F000160D4 /* JsonFx.Json.dll.s in Sources */ = {isa = PBXBuildFile; fileRef = D8A1C7002E80637F100160D4 /* JsonFx.Json.dll.s */; };
		D8A1C7003E80637F000160D4 /* Mono.Security.dll.s in Sources */ = {isa = PBXBuildFile; fileRef = D8A1C7003E80637F100160D4 /* Mono.Security.dll.s */; };
		D8A1C7004E80637F000160D4 /* System.dll.s in Sources */ = {isa = PBXBuildFile; fileRef = D8A1C7004E80637F100160D4 /* System.dll.s */; };
		D8A1C7005E80637F000160D4 /* UnityEngine.dll.s in Sources */ = {isa = PBXBuildFile; fileRef = D8A1C7005E80637F100160D4 /* UnityEngine.dll.s */; };
		D8A1C7006E80637F000160D4 /* mscorlib.dll.s in Sources */ = {isa = PBXBuildFile; fileRef = D8A1C7006E80637F100160D4 /* mscorlib.dll.s */; };
		D8A1C7007E80637F000160D4 /* RKUNBridge.mm in Sources */ = {isa = PBXBuildFile; fileRef = D8A1C7007E80637F100160D4 /* RKUNBridge.mm */; };
		D8A1C7008E80637F000160D4 /* Icon@2x.png in Sources */ = {isa = PBXBuildFile; fileRef = D8A1C7008E80637F100160D4 /* Icon@2x.png */; };
		D8A1C7009E80637F000160D4 /* Default@2x.png in Sources */ = {isa = PBXBuildFile; fileRef = D8A1C7009E80637F100160D4 /* Default@2x.png */; };
		D8A1C700aE80637F000160D4 /* Default-Landscape.png in Sources */ = {isa = PBXBuildFile; fileRef = D8A1C700aE80637F100160D4 /* Default-Landscape.png */; };
		D8A1C700bE80637F000160D4 /* Default-Portrait.png in Sources */ = {isa = PBXBuildFile; fileRef = D8A1C700bE80637F100160D4 /* Default-Portrait.png */; };
		D8A1C700cE80637F000160D4 /* Default-Landscape@2x.png in Sources */ = {isa = PBXBuildFile; fileRef = D8A1C700cE80637F100160D4 /* Default-Landscape@2x.png */; };
		D8A1C700dE80637F000160D4 /* Default-Portrait@2x.png in Sources */ = {isa = PBXBuildFile; fileRef = D8A1C700dE80637F100160D4 /* Default-Portrait@2x.png */; };
		D8A1C700eE80637F000160D4 /* Icon-72.png in Sources */ = {isa = PBXBuildFile; fileRef = D8A1C700eE80637F100160D4 /* Icon-72.png */; };
		D8A1C700fE80637F000160D4 /* Icon-144.png in Sources */ = {isa = PBXBuildFile; fileRef = D8A1C700fE80637F100160D4 /* Icon-144.png */; };
		D8A1C7280E80637F000160D3 /* RegisterMonoModules.cpp in Sources */ = {isa = PBXBuildFile; fileRef = D8A1C7240E80637F000160D3 /* RegisterMonoModules.cpp */; };
		D8A1C72B0E8063A1000160D3 /* libiPhone-lib.a in Frameworks */ = {isa = PBXBuildFile; fileRef = D8A1C72A0E8063A1000160D3 /* libiPhone-lib.a */; };
/* End PBXBuildFile section */

/* Begin PBXCopyFilesBuildPhase section */
		567B625A114A9F340000AA1F /* CopyFiles */ = {
			isa = PBXCopyFilesBuildPhase;
			buildActionMask = 2147483647;
			dstPath = "";
			dstSubfolderSpec = 0;
			files = (
			);
			runOnlyForDeploymentPostprocessing = 0;
		};
		83D0C1FD0E6C8D7700EBCE5D /* CopyFiles */ = {
			isa = PBXCopyFilesBuildPhase;
			buildActionMask = 2147483647;
			dstPath = "";
			dstSubfolderSpec = 0;
			files = (
			);
			runOnlyForDeploymentPostprocessing = 0;
		};
/* End PBXCopyFilesBuildPhase section */

/* Begin PBXFileReference section */
		81975D8A1593EC5D00880B44 /* ExternalAccessory.framework */ = {isa = PBXFileReference; lastKnownFileType = wrapper.framework; name = ExternalAccessory.framework; path = System/Library/Frameworks/ExternalAccessory.framework; sourceTree = SDKROOT; };
		81975D881593EC4900880B44 /* RobotKit.framework */ = {isa = PBXFileReference; lastKnownFileType = wrapper.framework; name = RobotKit.framework; path = ../Assets/Plugins/iOS/RobotKit.framework; sourceTree = "<group>"; };
		08B24F75137BFDFA00FBA309 /* iAd.framework */ = {isa = PBXFileReference; lastKnownFileType = wrapper.framework; name = iAd.framework; path = System/Library/Frameworks/iAd.framework; sourceTree = SDKROOT; };
		1D30AB110D05D00D00671497 /* Foundation.framework */ = {isa = PBXFileReference; lastKnownFileType = wrapper.framework; name = Foundation.framework; path = System/Library/Frameworks/Foundation.framework; sourceTree = SDKROOT; };
		1D6058910D05DD3D006BFB54 /* uisample.app */ = {isa = PBXFileReference; explicitFileType = wrapper.application; includeInIndex = 0; path = "uisample.app"; sourceTree = BUILT_PRODUCTS_DIR; };
		564640A01605DDE500F79DC3 /* Default-568h@2x.png */ = {isa = PBXFileReference; lastKnownFileType = image.png; path = "Default-568h@2x.png"; sourceTree = "<group>"; };
		567B6273114A9F340000AA1F /* uisample.app */ = {isa = PBXFileReference; explicitFileType = wrapper.application; includeInIndex = 0; path = "uisample.app"; sourceTree = BUILT_PRODUCTS_DIR; };
		5682F4B10F3B34FF007A219C /* MediaPlayer.framework */ = {isa = PBXFileReference; lastKnownFileType = wrapper.framework; name = MediaPlayer.framework; path = System/Library/Frameworks/MediaPlayer.framework; sourceTree = SDKROOT; };
		5692F3DC0FA9D8E500EBA2F1 /* CoreLocation.framework */ = {isa = PBXFileReference; lastKnownFileType = wrapper.framework; name = CoreLocation.framework; path = System/Library/Frameworks/CoreLocation.framework; sourceTree = SDKROOT; };
		56B7959A1442E0F20026B3DD /* CoreGraphics.framework */ = {isa = PBXFileReference; lastKnownFileType = wrapper.framework; name = CoreGraphics.framework; path = System/Library/Frameworks/CoreGraphics.framework; sourceTree = SDKROOT; };
		56B795C11442E1100026B3DD /* CoreMotion.framework */ = {isa = PBXFileReference; lastKnownFileType = wrapper.framework; name = CoreMotion.framework; path = System/Library/Frameworks/CoreMotion.framework; sourceTree = SDKROOT; };
		56B796191442E1B80026B3DD /* GameKit.framework */ = {isa = PBXFileReference; lastKnownFileType = wrapper.framework; name = GameKit.framework; path = System/Library/Frameworks/GameKit.framework; sourceTree = SDKROOT; };
		56BCBA380FCF049A0030C3B2 /* SystemConfiguration.framework */ = {isa = PBXFileReference; lastKnownFileType = wrapper.framework; name = SystemConfiguration.framework; path = System/Library/Frameworks/SystemConfiguration.framework; sourceTree = SDKROOT; };
		56FD43950ED4745200FE3770 /* CFNetwork.framework */ = {isa = PBXFileReference; lastKnownFileType = wrapper.framework; name = CFNetwork.framework; path = System/Library/Frameworks/CFNetwork.framework; sourceTree = SDKROOT; };
		7F36C10E13C5C673007FBDD9 /* CoreMedia.framework */ = {isa = PBXFileReference; lastKnownFileType = wrapper.framework; name = CoreMedia.framework; path = System/Library/Frameworks/CoreMedia.framework; sourceTree = SDKROOT; };
		7F36C10F13C5C673007FBDD9 /* CoreVideo.framework */ = {isa = PBXFileReference; lastKnownFileType = wrapper.framework; name = CoreVideo.framework; path = System/Library/Frameworks/CoreVideo.framework; sourceTree = SDKROOT; };
		7F36C11013C5C673007FBDD9 /* AVFoundation.framework */ = {isa = PBXFileReference; lastKnownFileType = wrapper.framework; name = AVFoundation.framework; path = System/Library/Frameworks/AVFoundation.framework; sourceTree = SDKROOT; };
		830B5C100E5ED4C100C7819F /* UIKit.framework */ = {isa = PBXFileReference; lastKnownFileType = wrapper.framework; name = UIKit.framework; path = System/Library/Frameworks/UIKit.framework; sourceTree = SDKROOT; };
		8358D1B70ED1CC3700E3A684 /* AudioToolbox.framework */ = {isa = PBXFileReference; lastKnownFileType = wrapper.framework; name = AudioToolbox.framework; path = System/Library/Frameworks/AudioToolbox.framework; sourceTree = SDKROOT; };
		83B256E10E62FEA000468741 /* OpenGLES.framework */ = {isa = PBXFileReference; lastKnownFileType = wrapper.framework; name = OpenGLES.framework; path = System/Library/Frameworks/OpenGLES.framework; sourceTree = SDKROOT; };
		83B2570A0E62FF8A00468741 /* QuartzCore.framework */ = {isa = PBXFileReference; lastKnownFileType = wrapper.framework; name = QuartzCore.framework; path = System/Library/Frameworks/QuartzCore.framework; sourceTree = SDKROOT; };
		83B2574B0E63022200468741 /* OpenAL.framework */ = {isa = PBXFileReference; lastKnownFileType = wrapper.framework; name = OpenAL.framework; path = System/Library/Frameworks/OpenAL.framework; sourceTree = SDKROOT; };
		83B2574E0E63025400468741 /* libiconv.2.dylib */ = {isa = PBXFileReference; lastKnownFileType = "compiled.mach-o.dylib"; name = libiconv.2.dylib; path = usr/lib/libiconv.2.dylib; sourceTree = SDKROOT; };
		83DEA7410EACED0700D8A291 /* Default.png */ = {isa = PBXFileReference; lastKnownFileType = image.png; path = Default.png; sourceTree = "<group>"; };
		83DEA7420EACED0700D8A291 /* Icon.png */ = {isa = PBXFileReference; lastKnownFileType = image.png; path = Icon.png; sourceTree = "<group>"; };
		8A2EF43C138549090070AA2F /* iPhone_Profiler.cpp */ = {isa = PBXFileReference; fileEncoding = 4; lastKnownFileType = sourcecode.cpp.cpp; path = iPhone_Profiler.cpp; sourceTree = "<group>"; };
		8A2EF43D138549090070AA2F /* iPhone_Profiler.h */ = {isa = PBXFileReference; fileEncoding = 4; lastKnownFileType = sourcecode.c.h; path = iPhone_Profiler.h; sourceTree = "<group>"; };
		8A2EF57813856A230070AA2F /* iPhone_GlesSupport.cpp */ = {isa = PBXFileReference; fileEncoding = 4; lastKnownFileType = sourcecode.cpp.cpp; path = iPhone_GlesSupport.cpp; sourceTree = "<group>"; };
		8A2EF57913856A230070AA2F /* iPhone_GlesSupport.h */ = {isa = PBXFileReference; fileEncoding = 4; lastKnownFileType = sourcecode.c.h; path = iPhone_GlesSupport.h; sourceTree = "<group>"; };
		8A2EF5B61385C5F20070AA2F /* iPhone_Common.h */ = {isa = PBXFileReference; fileEncoding = 4; lastKnownFileType = sourcecode.c.h; path = iPhone_Common.h; sourceTree = "<group>"; };
		8D1107310486CEB800E47090 /* Info.plist */ = {isa = PBXFileReference; fileEncoding = 4; lastKnownFileType = text.plist.xml; path = Info.plist; sourceTree = "<group>"; };
		D82DCFB60E8000A5005D6AD8 /* AppController.h */ = {isa = PBXFileReference; fileEncoding = 4; lastKnownFileType = sourcecode.c.h; name = AppController.h; path = Classes/AppController.h; sourceTree = SOURCE_ROOT; };
		D82DCFB70E8000A5005D6AD8 /* AppController.mm */ = {isa = PBXFileReference; fileEncoding = 4; lastKnownFileType = sourcecode.cpp.objcpp; name = AppController.mm; path = Classes/AppController.mm; sourceTree = SOURCE_ROOT; };
		D82DCFB80E8000A5005D6AD8 /* iPhone_target2AppDelegate.h */ = {isa = PBXFileReference; fileEncoding = 4; lastKnownFileType = sourcecode.c.h; name = iPhone_target2AppDelegate.h; path = Classes/iPhone_target2AppDelegate.h; sourceTree = SOURCE_ROOT; };
		D82DCFB90E8000A5005D6AD8 /* iPhone_target2AppDelegate.m */ = {isa = PBXFileReference; fileEncoding = 4; lastKnownFileType = sourcecode.c.objc; name = iPhone_target2AppDelegate.m; path = Classes/iPhone_target2AppDelegate.m; sourceTree = SOURCE_ROOT; };
		D82DCFBA0E8000A5005D6AD8 /* iPhone_target_Prefix.pch */ = {isa = PBXFileReference; fileEncoding = 4; lastKnownFileType = sourcecode.c.h; name = iPhone_target_Prefix.pch; path = Classes/iPhone_target_Prefix.pch; sourceTree = SOURCE_ROOT; };
		D82DCFBB0E8000A5005D6AD8 /* main.mm */ = {isa = PBXFileReference; fileEncoding = 4; lastKnownFileType = sourcecode.cpp.objcpp; name = main.mm; path = Classes/main.mm; sourceTree = SOURCE_ROOT; };
		D82DCFBC0E8000A5005D6AD8 /* MainWindow.xib */ = {isa = PBXFileReference; lastKnownFileType = file.xib; name = MainWindow.xib; path = Classes/MainWindow.xib; sourceTree = SOURCE_ROOT; };
		D82DCFBD0E8000A5005D6AD8 /* RegisterClasses.cpp */ = {isa = PBXFileReference; fileEncoding = 4; lastKnownFileType = sourcecode.cpp.cpp; name = RegisterClasses.cpp; path = Classes/RegisterClasses.cpp; sourceTree = SOURCE_ROOT; };
		D82DCFBE0E8000A5005D6AD8 /* RegisterClasses.h */ = {isa = PBXFileReference; fileEncoding = 4; lastKnownFileType = sourcecode.c.h; name = RegisterClasses.h; path = Classes/RegisterClasses.h; sourceTree = SOURCE_ROOT; };
		D8A1C7000E80637F100160D4 /* Assembly-CSharp-firstpass.dll.s */ = {isa = PBXFileReference; fileEncoding = 4; lastKnownFileType = sourcecode.asm; name = Assembly-CSharp-firstpass.dll.s; path = Libraries/Assembly-CSharp-firstpass.dll.s; sourceTree = SOURCE_ROOT; };
		D8A1C7001E80637F100160D4 /* Assembly-CSharp.dll.s */ = {isa = PBXFileReference; fileEncoding = 4; lastKnownFileType = sourcecode.asm; name = Assembly-CSharp.dll.s; path = Libraries/Assembly-CSharp.dll.s; sourceTree = SOURCE_ROOT; };
		D8A1C7002E80637F100160D4 /* JsonFx.Json.dll.s */ = {isa = PBXFileReference; fileEncoding = 4; lastKnownFileType = sourcecode.asm; name = JsonFx.Json.dll.s; path = Libraries/JsonFx.Json.dll.s; sourceTree = SOURCE_ROOT; };
		D8A1C7003E80637F100160D4 /* Mono.Security.dll.s */ = {isa = PBXFileReference; fileEncoding = 4; lastKnownFileType = sourcecode.asm; name = Mono.Security.dll.s; path = Libraries/Mono.Security.dll.s; sourceTree = SOURCE_ROOT; };
		D8A1C7004E80637F100160D4 /* System.dll.s */ = {isa = PBXFileReference; fileEncoding = 4; lastKnownFileType = sourcecode.asm; name = System.dll.s; path = Libraries/System.dll.s; sourceTree = SOURCE_ROOT; };
		D8A1C7005E80637F100160D4 /* UnityEngine.dll.s */ = {isa = PBXFileReference; fileEncoding = 4; lastKnownFileType = sourcecode.asm; name = UnityEngine.dll.s; path = Libraries/UnityEngine.dll.s; sourceTree = SOURCE_ROOT; };
		D8A1C7006E80637F100160D4 /* mscorlib.dll.s */ = {isa = PBXFileReference; fileEncoding = 4; lastKnownFileType = sourcecode.asm; name = mscorlib.dll.s; path = Libraries/mscorlib.dll.s; sourceTree = SOURCE_ROOT; };
		D8A1C7007E80637F100160D4 /* RKUNBridge.mm */ = {isa = PBXFileReference; fileEncoding = 4; lastKnownFileType = sourcecode.cpp.objcpp; name = RKUNBridge.mm; path = Libraries/RKUNBridge.mm; sourceTree = SOURCE_ROOT; };
		D8A1C7008E80637F100160D4 /* Icon@2x.png */ = {isa = PBXFileReference; fileEncoding = 4; lastKnownFileType = image.png; name = "Icon@2x.png"; path = "Icon@2x.png"; sourceTree = SOURCE_ROOT; };
		D8A1C7009E80637F100160D4 /* Default@2x.png */ = {isa = PBXFileReference; fileEncoding = 4; lastKnownFileType = image.png; name = "Default@2x.png"; path = "Default@2x.png"; sourceTree = SOURCE_ROOT; };
		D8A1C700aE80637F100160D4 /* Default-Landscape.png */ = {isa = PBXFileReference; fileEncoding = 4; lastKnownFileType = image.png; name = Default-Landscape.png; path = Default-Landscape.png; sourceTree = SOURCE_ROOT; };
		D8A1C700bE80637F100160D4 /* Default-Portrait.png */ = {isa = PBXFileReference; fileEncoding = 4; lastKnownFileType = image.png; name = Default-Portrait.png; path = Default-Portrait.png; sourceTree = SOURCE_ROOT; };
		D8A1C700cE80637F100160D4 /* Default-Landscape@2x.png */ = {isa = PBXFileReference; fileEncoding = 4; lastKnownFileType = image.png; name = "Default-Landscape@2x.png"; path = "Default-Landscape@2x.png"; sourceTree = SOURCE_ROOT; };
		D8A1C700dE80637F100160D4 /* Default-Portrait@2x.png */ = {isa = PBXFileReference; fileEncoding = 4; lastKnownFileType = image.png; name = "Default-Portrait@2x.png"; path = "Default-Portrait@2x.png"; sourceTree = SOURCE_ROOT; };
		D8A1C700eE80637F100160D4 /* Icon-72.png */ = {isa = PBXFileReference; fileEncoding = 4; lastKnownFileType = image.png; name = Icon-72.png; path = Icon-72.png; sourceTree = SOURCE_ROOT; };
		D8A1C700fE80637F100160D4 /* Icon-144.png */ = {isa = PBXFileReference; fileEncoding = 4; lastKnownFileType = image.png; name = Icon-144.png; path = Icon-144.png; sourceTree = SOURCE_ROOT; };
		D8A1C7240E80637F000160D3 /* RegisterMonoModules.cpp */ = {isa = PBXFileReference; fileEncoding = 4; lastKnownFileType = sourcecode.cpp.cpp; name = RegisterMonoModules.cpp; path = Libraries/RegisterMonoModules.cpp; sourceTree = SOURCE_ROOT; };
		D8A1C7250E80637F000160D3 /* RegisterMonoModules.h */ = {isa = PBXFileReference; fileEncoding = 4; lastKnownFileType = sourcecode.c.h; name = RegisterMonoModules.h; path = Libraries/RegisterMonoModules.h; sourceTree = SOURCE_ROOT; };
		D8A1C72A0E8063A1000160D3 /* libiPhone-lib.a */ = {isa = PBXFileReference; lastKnownFileType = archive.ar; name = "libiPhone-lib.a"; path = "Libraries/libiPhone-lib.a"; sourceTree = SOURCE_ROOT; };
/* End PBXFileReference section */

/* Begin PBXFrameworksBuildPhase section */
		1D60588F0D05DD3D006BFB54 /* Frameworks */ = {
			isa = PBXFrameworksBuildPhase;
			buildActionMask = 2147483647;
			files = (
				81975D8B1593EC5E00880B44 /* ExternalAccessory.framework in Frameworks */,
				81975D891593EC4900880B44 /* RobotKit.framework in Frameworks */,
				1D60589F0D05DD5A006BFB54 /* Foundation.framework in Frameworks */,
				830B5C110E5ED4C100C7819F /* UIKit.framework in Frameworks */,
				83B256E20E62FEA000468741 /* OpenGLES.framework in Frameworks */,
				83B2570B0E62FF8A00468741 /* QuartzCore.framework in Frameworks */,
				83B2574C0E63022200468741 /* OpenAL.framework in Frameworks */,
				83B2574F0E63025400468741 /* libiconv.2.dylib in Frameworks */,
				D8A1C72B0E8063A1000160D3 /* libiPhone-lib.a in Frameworks */,
				8358D1B80ED1CC3700E3A684 /* AudioToolbox.framework in Frameworks */,
				56FD43960ED4745200FE3770 /* CFNetwork.framework in Frameworks */,
				5682F4B20F3B34FF007A219C /* MediaPlayer.framework in Frameworks */,
				5692F3DD0FA9D8E500EBA2F1 /* CoreLocation.framework in Frameworks */,
				56BCBA390FCF049A0030C3B2 /* SystemConfiguration.framework in Frameworks */,
				08B24F76137BFDFA00FBA309 /* iAd.framework in Frameworks */,
				7F36C11113C5C673007FBDD9 /* CoreMedia.framework in Frameworks */,
				7F36C11213C5C673007FBDD9 /* CoreVideo.framework in Frameworks */,
				7F36C11313C5C673007FBDD9 /* AVFoundation.framework in Frameworks */,
				56B7959B1442E0F20026B3DD /* CoreGraphics.framework in Frameworks */,
				56B7960F1442E1770026B3DD /* CoreMotion.framework in Frameworks */,
				56B7961A1442E1B80026B3DD /* GameKit.framework in Frameworks */,
			);
			runOnlyForDeploymentPostprocessing = 0;
		};
		567B6262114A9F340000AA1F /* Frameworks */ = {
			isa = PBXFrameworksBuildPhase;
			buildActionMask = 2147483647;
			files = (
				567B6263114A9F340000AA1F /* Foundation.framework in Frameworks */,
				567B6264114A9F340000AA1F /* UIKit.framework in Frameworks */,
				567B6265114A9F340000AA1F /* OpenGLES.framework in Frameworks */,
				567B6266114A9F340000AA1F /* QuartzCore.framework in Frameworks */,
				567B6267114A9F340000AA1F /* OpenAL.framework in Frameworks */,
				567B6268114A9F340000AA1F /* libiconv.2.dylib in Frameworks */,
				567B626A114A9F340000AA1F /* AudioToolbox.framework in Frameworks */,
				567B626B114A9F340000AA1F /* CFNetwork.framework in Frameworks */,
				567B626C114A9F340000AA1F /* MediaPlayer.framework in Frameworks */,
				567B626D114A9F340000AA1F /* CoreLocation.framework in Frameworks */,
				567B626E114A9F340000AA1F /* SystemConfiguration.framework in Frameworks */,
				567B635B114AA8010000AA1F /* libiPhone-lib.a in Frameworks */,
				08B24F8A137BFE0700FBA309 /* iAd.framework in Frameworks */,
				7F36C11413C5C673007FBDD9 /* CoreMedia.framework in Frameworks */,
				7F36C11513C5C673007FBDD9 /* CoreVideo.framework in Frameworks */,
				7F36C11613C5C673007FBDD9 /* AVFoundation.framework in Frameworks */,
				56B7959E1442E0FF0026B3DD /* CoreGraphics.framework in Frameworks */,
				56B795C21442E1100026B3DD /* CoreMotion.framework in Frameworks */,
				56B7961D1442E1C30026B3DD /* GameKit.framework in Frameworks */,
			);
			runOnlyForDeploymentPostprocessing = 0;
		};
/* End PBXFrameworksBuildPhase section */

/* Begin PBXGroup section */
		19C28FACFE9D520D11CA2CBB /* Products */ = {
			isa = PBXGroup;
			children = (
				1D6058910D05DD3D006BFB54 /* uisample.app */,
				567B6273114A9F340000AA1F /* uisample.app */,
			);
			name = Products;
			sourceTree = "<group>";
		};
		29B97314FDCFA39411CA2CEA /* CustomTemplate */ = {
			isa = PBXGroup;
			children = (
				81975D8A1593EC5D00880B44 /* ExternalAccessory.framework */,
				81975D881593EC4900880B44 /* RobotKit.framework */,
				56BCBA380FCF049A0030C3B2 /* SystemConfiguration.framework */,
				5692F3DC0FA9D8E500EBA2F1 /* CoreLocation.framework */,
				5682F4B10F3B34FF007A219C /* MediaPlayer.framework */,
				83DEA7410EACED0700D8A291 /* Default.png */,
				564640A01605DDE500F79DC3 /* Default-568h@2x.png */,
				83DEA7420EACED0700D8A291 /* Icon.png */,
				D82DCFB50E8000A5005D6AD8 /* Classes */,
				D8A1C7220E80637F000160D3 /* Libraries */,
				8D1107310486CEB800E47090 /* Info.plist */,
				29B97323FDCFA39411CA2CEA /* Frameworks */,
				19C28FACFE9D520D11CA2CBB /* Products */,
				830B5C100E5ED4C100C7819F /* UIKit.framework */,
				83B256E10E62FEA000468741 /* OpenGLES.framework */,
				83B2570A0E62FF8A00468741 /* QuartzCore.framework */,
				83B2574B0E63022200468741 /* OpenAL.framework */,
				83B2574E0E63025400468741 /* libiconv.2.dylib */,
				56FD43950ED4745200FE3770 /* CFNetwork.framework */,
				8358D1B70ED1CC3700E3A684 /* AudioToolbox.framework */,
				08B24F75137BFDFA00FBA309 /* iAd.framework */,
				7F36C10E13C5C673007FBDD9 /* CoreMedia.framework */,
				7F36C10F13C5C673007FBDD9 /* CoreVideo.framework */,
				7F36C11013C5C673007FBDD9 /* AVFoundation.framework */,
				56B7959A1442E0F20026B3DD /* CoreGraphics.framework */,
				56B795C11442E1100026B3DD /* CoreMotion.framework */,
				56B796191442E1B80026B3DD /* GameKit.framework */,
			);
			name = CustomTemplate;
			sourceTree = "<group>";
		};
		29B97323FDCFA39411CA2CEA /* Frameworks */ = {
			isa = PBXGroup;
			children = (
				1D30AB110D05D00D00671497 /* Foundation.framework */,
			);
			name = Frameworks;
			sourceTree = "<group>";
		};
		D82DCFB50E8000A5005D6AD8 /* Classes */ = {
			isa = PBXGroup;
			children = (
				8A2EF5B61385C5F20070AA2F /* iPhone_Common.h */,
				8A2EF57813856A230070AA2F /* iPhone_GlesSupport.cpp */,
				8A2EF57913856A230070AA2F /* iPhone_GlesSupport.h */,
				8A2EF43C138549090070AA2F /* iPhone_Profiler.cpp */,
				8A2EF43D138549090070AA2F /* iPhone_Profiler.h */,
				D82DCFB60E8000A5005D6AD8 /* AppController.h */,
				D82DCFB70E8000A5005D6AD8 /* AppController.mm */,
				D82DCFB80E8000A5005D6AD8 /* iPhone_target2AppDelegate.h */,
				D82DCFB90E8000A5005D6AD8 /* iPhone_target2AppDelegate.m */,
				D82DCFBA0E8000A5005D6AD8 /* iPhone_target_Prefix.pch */,
				D82DCFBB0E8000A5005D6AD8 /* main.mm */,
				D82DCFBC0E8000A5005D6AD8 /* MainWindow.xib */,
				D82DCFBD0E8000A5005D6AD8 /* RegisterClasses.cpp */,
				D82DCFBE0E8000A5005D6AD8 /* RegisterClasses.h */,
			);
			path = Classes;
			sourceTree = SOURCE_ROOT;
		};
		D8A1C7220E80637F000160D3 /* Libraries */ = {
			isa = PBXGroup;
			children = (
				D8A1C72A0E8063A1000160D3 /* libiPhone-lib.a */,
				D8A1C7000E80637F100160D4 /* Assembly-CSharp-firstpass.dll.s */,
				D8A1C7001E80637F100160D4 /* Assembly-CSharp.dll.s */,
				D8A1C7002E80637F100160D4 /* JsonFx.Json.dll.s */,
				D8A1C7003E80637F100160D4 /* Mono.Security.dll.s */,
				D8A1C7004E80637F100160D4 /* System.dll.s */,
				D8A1C7005E80637F100160D4 /* UnityEngine.dll.s */,
				D8A1C7006E80637F100160D4 /* mscorlib.dll.s */,
				D8A1C7007E80637F100160D4 /* RKUNBridge.mm */,
				D8A1C7008E80637F100160D4 /* Icon@2x.png */,
				D8A1C7009E80637F100160D4 /* Default@2x.png */,
				D8A1C700aE80637F100160D4 /* Default-Landscape.png */,
				D8A1C700bE80637F100160D4 /* Default-Portrait.png */,
				D8A1C700cE80637F100160D4 /* Default-Landscape@2x.png */,
				D8A1C700dE80637F100160D4 /* Default-Portrait@2x.png */,
				D8A1C700eE80637F100160D4 /* Icon-72.png */,
				D8A1C700fE80637F100160D4 /* Icon-144.png */,
				D8A1C7240E80637F000160D3 /* RegisterMonoModules.cpp */,
				D8A1C7250E80637F000160D3 /* RegisterMonoModules.h */,
			);
			path = Libraries;
			sourceTree = SOURCE_ROOT;
		};
/* End PBXGroup section */

/* Begin PBXNativeTarget section */
		1D6058900D05DD3D006BFB54 /* Unity-iPhone */ = {
			isa = PBXNativeTarget;
			buildConfigurationList = 1D6058960D05DD3E006BFB54 /* Build configuration list for PBXNativeTarget "Unity-iPhone" */;
			buildPhases = (
				1D60588D0D05DD3D006BFB54 /* Resources */,
				83D0C1FB0E6C8D5900EBCE5D /* ShellScript */,
				83D0C1FD0E6C8D7700EBCE5D /* CopyFiles */,
				1D60588E0D05DD3D006BFB54 /* Sources */,
				1D60588F0D05DD3D006BFB54 /* Frameworks */,
			);
			buildRules = (
			);
			dependencies = (
			);
			name = "Unity-iPhone";
			productName = "iPhone-target";
			productReference = 1D6058910D05DD3D006BFB54 /* uisample.app */;
			productType = "com.apple.product-type.application";
		};
		567B6254114A9F340000AA1F /* Unity-iPhone-simulator */ = {
			isa = PBXNativeTarget;
			buildConfigurationList = 567B6270114A9F340000AA1F /* Build configuration list for PBXNativeTarget "Unity-iPhone-simulator" */;
			buildPhases = (
				567B6255114A9F340000AA1F /* Resources */,
				567B6259114A9F340000AA1F /* ShellScript */,
				567B625A114A9F340000AA1F /* CopyFiles */,
				567B625B114A9F340000AA1F /* Sources */,
				567B6262114A9F340000AA1F /* Frameworks */,
			);
			buildRules = (
			);
			dependencies = (
			);
			name = "Unity-iPhone-simulator";
			productName = "iPhone-target";
			productReference = 567B6273114A9F340000AA1F /* uisample.app */;
			productType = "com.apple.product-type.application";
		};
/* End PBXNativeTarget section */

/* Begin PBXProject section */
		29B97313FDCFA39411CA2CEA /* Project object */ = {
			isa = PBXProject;
			buildConfigurationList = C01FCF4E08A954540054247B /* Build configuration list for PBXProject "Unity-iPhone" */;
			compatibilityVersion = "Xcode 3.1";
			developmentRegion = English;
			hasScannedForEncodings = 1;
			knownRegions = (
				English,
				Japanese,
				French,
				German,
			);
			mainGroup = 29B97314FDCFA39411CA2CEA /* CustomTemplate */;
			projectDirPath = "";
			projectRoot = "";
			targets = (
				1D6058900D05DD3D006BFB54 /* Unity-iPhone */,
				567B6254114A9F340000AA1F /* Unity-iPhone-simulator */,
			);
		};
/* End PBXProject section */

/* Begin PBXResourcesBuildPhase section */
		1D60588D0D05DD3D006BFB54 /* Resources */ = {
			isa = PBXResourcesBuildPhase;
			buildActionMask = 2147483647;
			files = (
				D82DCFC40E8000A5005D6AD8 /* MainWindow.xib in Resources */,
				83DEA7430EACED0700D8A291 /* Default.png in Resources */,
				83DEA7440EACED0700D8A291 /* Icon.png in Resources */,
				564640A11605DDE500F79DC3 /* Default-568h@2x.png in Resources */,
			);
			runOnlyForDeploymentPostprocessing = 0;
		};
		567B6255114A9F340000AA1F /* Resources */ = {
			isa = PBXResourcesBuildPhase;
			buildActionMask = 2147483647;
			files = (
				567B6256114A9F340000AA1F /* MainWindow.xib in Resources */,
				567B6257114A9F340000AA1F /* Default.png in Resources */,
				567B6258114A9F340000AA1F /* Icon.png in Resources */,
				564640A81605E0A800F79DC3 /* Default-568h@2x.png in Resources */,
			);
			runOnlyForDeploymentPostprocessing = 0;
		};
/* End PBXResourcesBuildPhase section */

/* Begin PBXShellScriptBuildPhase section */
		567B6259114A9F340000AA1F /* ShellScript */ = {
			isa = PBXShellScriptBuildPhase;
			buildActionMask = 2147483647;
			files = (
			);
			inputPaths = (
			);
			outputPaths = (
			);
			runOnlyForDeploymentPostprocessing = 0;
			shellPath = /bin/sh;
			shellScript = "rm -rf \"$TARGET_BUILD_DIR/$PRODUCT_NAME.app/Data\"\ncp -Rf \"$PROJECT_DIR/Data\" \"$TARGET_BUILD_DIR/$PRODUCT_NAME.app/Data\"";
		};
		83D0C1FB0E6C8D5900EBCE5D /* ShellScript */ = {
			isa = PBXShellScriptBuildPhase;
			buildActionMask = 2147483647;
			files = (
			);
			inputPaths = (
			);
			outputPaths = (
			);
			runOnlyForDeploymentPostprocessing = 0;
			shellPath = /bin/sh;
			shellScript = "rm -rf \"$TARGET_BUILD_DIR/$PRODUCT_NAME.app/Data\"\ncp -Rf \"$PROJECT_DIR/Data\" \"$TARGET_BUILD_DIR/$PRODUCT_NAME.app/Data\"";
		};
/* End PBXShellScriptBuildPhase section */

/* Begin PBXSourcesBuildPhase section */
		1D60588E0D05DD3D006BFB54 /* Sources */ = {
			isa = PBXSourcesBuildPhase;
			buildActionMask = 2147483647;
			files = (
				D82DCFC10E8000A5005D6AD8 /* AppController.mm in Sources */,
				D82DCFC20E8000A5005D6AD8 /* iPhone_target2AppDelegate.m in Sources */,
				D82DCFC30E8000A5005D6AD8 /* main.mm in Sources */,
				D82DCFC50E8000A5005D6AD8 /* RegisterClasses.cpp in Sources */,
				D8A1C7000E80637F000160D4 /* Assembly-CSharp-firstpass.dll.s in Sources */,
				D8A1C7001E80637F000160D4 /* Assembly-CSharp.dll.s in Sources */,
				D8A1C7002E80637F000160D4 /* JsonFx.Json.dll.s in Sources */,
				D8A1C7003E80637F000160D4 /* Mono.Security.dll.s in Sources */,
				D8A1C7004E80637F000160D4 /* System.dll.s in Sources */,
				D8A1C7005E80637F000160D4 /* UnityEngine.dll.s in Sources */,
				D8A1C7006E80637F000160D4 /* mscorlib.dll.s in Sources */,
				D8A1C7007E80637F000160D4 /* RKUNBridge.mm in Sources */,
				D8A1C7008E80637F000160D4 /* Icon@2x.png in Sources */,
				D8A1C7009E80637F000160D4 /* Default@2x.png in Sources */,
				D8A1C700aE80637F000160D4 /* Default-Landscape.png in Sources */,
				D8A1C700bE80637F000160D4 /* Default-Portrait.png in Sources */,
				D8A1C700cE80637F000160D4 /* Default-Landscape@2x.png in Sources */,
				D8A1C700dE80637F000160D4 /* Default-Portrait@2x.png in Sources */,
				D8A1C700eE80637F000160D4 /* Icon-72.png in Sources */,
				D8A1C700fE80637F000160D4 /* Icon-144.png in Sources */,
				D8A1C7280E80637F000160D3 /* RegisterMonoModules.cpp in Sources */,
				8A2EF43E138549090070AA2F /* iPhone_Profiler.cpp in Sources */,
				8A2EF57A13856A230070AA2F /* iPhone_GlesSupport.cpp in Sources */,
			);
			runOnlyForDeploymentPostprocessing = 0;
		};
		567B625B114A9F340000AA1F /* Sources */ = {
			isa = PBXSourcesBuildPhase;
			buildActionMask = 2147483647;
			files = (
				567B625C114A9F340000AA1F /* AppController.mm in Sources */,
				567B625D114A9F340000AA1F /* iPhone_target2AppDelegate.m in Sources */,
				567B625E114A9F340000AA1F /* main.mm in Sources */,
				567B625F114A9F340000AA1F /* RegisterClasses.cpp in Sources */,
				567B6200014A9F340000AA1F /* mscorlib.dll.s in Sources */,
				567B6261114A9F340000AA1F /* RegisterMonoModules.cpp in Sources */,
				8A2EF43F138549090070AA2F /* iPhone_Profiler.cpp in Sources */,
				8A2EF57B13856A230070AA2F /* iPhone_GlesSupport.cpp in Sources */,
			);
			runOnlyForDeploymentPostprocessing = 0;
		};
/* End PBXSourcesBuildPhase section */

/* Begin XCBuildConfiguration section */
		1D6058940D05DD3E006BFB54 /* Debug */ = {
			isa = XCBuildConfiguration;
			buildSettings = {
				FRAMEWORK_SEARCH_PATHS = (
					"$(inherited)",
					"\"$(SRCROOT)/../Assets/Plugins/iOS/\"",
				);
				ALWAYS_SEARCH_USER_PATHS = NO;
				ARCHS = (
armv6,
armv7
				);
				CONFIGURATION_BUILD_DIR = "$(BUILD_DIR)";
				COPY_PHASE_STRIP = NO;
				GCC_DYNAMIC_NO_PIC = NO;
				GCC_OPTIMIZATION_LEVEL = 0;
				GCC_PRECOMPILE_PREFIX_HEADER = YES;
				GCC_PREFIX_HEADER = Classes/iPhone_target_Prefix.pch;
				GCC_USE_INDIRECT_FUNCTION_CALLS = NO;
				INFOPLIST_FILE = Info.plist;
				IPHONEOS_DEPLOYMENT_TARGET = 3.1.3;
				LIBRARY_SEARCH_PATHS = (
					"$(inherited)",
					"\"$(SRCROOT)\"",
					"\"$(SRCROOT)/Libraries\"",
				);
				OTHER_CFLAGS = "-mno-thumb";
				OTHER_LDFLAGS = (
					"-lsqlite3.0",
					"-all_load",
					"-weak_framework",
					CoreMotion,
					"-weak-lSystem",
				);
				PRODUCT_NAME = "uisample";
				SDKROOT = iphoneos;
				TARGETED_DEVICE_FAMILY = "1,2";
			};
			name = Debug;
		};
		1D6058950D05DD3E006BFB54 /* Release */ = {
			isa = XCBuildConfiguration;
			buildSettings = {
				FRAMEWORK_SEARCH_PATHS = (
					"$(inherited)",
					"\"$(SRCROOT)/../Assets/Plugins/iOS/\"",
				);
				ALWAYS_SEARCH_USER_PATHS = NO;
				ARCHS = (
armv6,
armv7
				);
				CONFIGURATION_BUILD_DIR = "$(BUILD_DIR)";
				COPY_PHASE_STRIP = YES;
				DEBUG_INFORMATION_FORMAT = dwarf-with-dsym;
				GCC_PRECOMPILE_PREFIX_HEADER = YES;
				GCC_PREFIX_HEADER = Classes/iPhone_target_Prefix.pch;
				INFOPLIST_FILE = Info.plist;
				IPHONEOS_DEPLOYMENT_TARGET = 3.1.3;
				LIBRARY_SEARCH_PATHS = (
					"$(inherited)",
					"\"$(SRCROOT)\"",
					"\"$(SRCROOT)/Libraries\"",
				);
				ONLY_ACTIVE_ARCH = NO;
				OTHER_CFLAGS = "-mno-thumb";
				OTHER_LDFLAGS = (
					"-lsqlite3.0",
					"-all_load",
					"-weak_framework",
					CoreMotion,
					"-weak-lSystem",
					"-Wl,-S,-x",
				);
				PRODUCT_NAME = "uisample";
				SDKROOT = iphoneos;
				TARGETED_DEVICE_FAMILY = "1,2";
			};
			name = Release;
		};
		567B6271114A9F340000AA1F /* Release */ = {
			isa = XCBuildConfiguration;
			buildSettings = {
				FRAMEWORK_SEARCH_PATHS = (
					"$(inherited)",
					"\"$(SRCROOT)/../Assets/Plugins/iOS/\"",
				);
				ALWAYS_SEARCH_USER_PATHS = NO;
				ARCHS = (
armv6,
armv7
				);
				CONFIGURATION_BUILD_DIR = "$(BUILD_DIR)";
				COPY_PHASE_STRIP = YES;
				DEBUG_INFORMATION_FORMAT = dwarf-with-dsym;
				GCC_PRECOMPILE_PREFIX_HEADER = YES;
				GCC_PREFIX_HEADER = Classes/iPhone_target_Prefix.pch;
				GCC_PREPROCESSOR_DEFINITIONS = "TARGET_IPHONE_SIMULATOR=1";
				INFOPLIST_FILE = Info.plist;
				IPHONEOS_DEPLOYMENT_TARGET = 3.1.3;
				LIBRARY_SEARCH_PATHS = (
					"$(inherited)",
					"\\\"$(SRCROOT)\\\"",
					"\\\"$(SRCROOT)/Libraries\\\"",
					"\"$(SRCROOT)/Libraries\"",
				);
				ONLY_ACTIVE_ARCH = NO;
				PRODUCT_NAME = "uisample";
				SDKROOT = iphoneos;
				TARGETED_DEVICE_FAMILY = "1,2";
			};
			name = Release;
		};
		567B6272114A9F340000AA1F /* Debug */ = {
			isa = XCBuildConfiguration;
			buildSettings = {
				FRAMEWORK_SEARCH_PATHS = (
					"$(inherited)",
					"\"$(SRCROOT)/../Assets/Plugins/iOS/\"",
				);
				ALWAYS_SEARCH_USER_PATHS = NO;
				ARCHS = (
armv6,
armv7
				);
				CONFIGURATION_BUILD_DIR = "$(BUILD_DIR)";
				COPY_PHASE_STRIP = NO;
				GCC_DYNAMIC_NO_PIC = NO;
				GCC_OPTIMIZATION_LEVEL = 0;
				GCC_PRECOMPILE_PREFIX_HEADER = YES;
				GCC_PREFIX_HEADER = Classes/iPhone_target_Prefix.pch;
				GCC_PREPROCESSOR_DEFINITIONS = "TARGET_IPHONE_SIMULATOR=1";
				GCC_USE_INDIRECT_FUNCTION_CALLS = NO;
				INFOPLIST_FILE = Info.plist;
				IPHONEOS_DEPLOYMENT_TARGET = 3.1.3;
				LIBRARY_SEARCH_PATHS = (
					"$(inherited)",
					"\\\"$(SRCROOT)\\\"",
					"\\\"$(SRCROOT)/Libraries\\\"",
					"\"$(SRCROOT)/Libraries\"",
				);
				PRODUCT_NAME = "uisample";
				SDKROOT = iphoneos;
				TARGETED_DEVICE_FAMILY = "1,2";
			};
			name = Debug;
		};
		C01FCF4F08A954540054247B /* Debug */ = {
			isa = XCBuildConfiguration;
			buildSettings = {
				FRAMEWORK_SEARCH_PATHS = (
					"$(inherited)",
					"\"$(SRCROOT)/../Assets/Plugins/iOS/\"",
				);
				ARCHS = (
armv6,
armv7
				);
				"CODE_SIGN_IDENTITY[sdk=iphoneos*]" = "iPhone Developer";
				GCC_C_LANGUAGE_STANDARD = c99;
				GCC_ENABLE_CPP_EXCEPTIONS = NO;
				GCC_ENABLE_CPP_RTTI = NO;
				GCC_ENABLE_OBJC_EXCEPTIONS = NO;
				GCC_THUMB_SUPPORT = NO;
				GCC_USE_INDIRECT_FUNCTION_CALLS = YES;
				GCC_WARN_ABOUT_RETURN_TYPE = YES;
				GCC_WARN_UNUSED_VARIABLE = YES;
				ONLY_ACTIVE_ARCH = NO;
				OTHER_LDFLAGS = "";
				PREBINDING = NO;
				SDKROOT = iphoneos;
			};
			name = Debug;
		};
		C01FCF5008A954540054247B /* Release */ = {
			isa = XCBuildConfiguration;
			buildSettings = {
				FRAMEWORK_SEARCH_PATHS = (
					"$(inherited)",
					"\"$(SRCROOT)/../Assets/Plugins/iOS/\"",
				);
				ARCHS = (
armv6,
armv7
				);
				"CODE_SIGN_IDENTITY[sdk=iphoneos*]" = "iPhone Developer";
				GCC_C_LANGUAGE_STANDARD = c99;
				GCC_ENABLE_CPP_EXCEPTIONS = NO;
				GCC_ENABLE_CPP_RTTI = NO;
				GCC_ENABLE_OBJC_EXCEPTIONS = NO;
				GCC_GENERATE_DEBUGGING_SYMBOLS = NO;
				GCC_THUMB_SUPPORT = NO;
				GCC_USE_INDIRECT_FUNCTION_CALLS = NO;
				GCC_WARN_ABOUT_RETURN_TYPE = YES;
				GCC_WARN_UNUSED_VARIABLE = YES;
				OTHER_LDFLAGS = "-Wl,-S,-x";
				PREBINDING = NO;
				SDKROOT = iphoneos;
			};
			name = Release;
		};
/* End XCBuildConfiguration section */

/* Begin XCConfigurationList section */
		1D6058960D05DD3E006BFB54 /* Build configuration list for PBXNativeTarget "Unity-iPhone" */ = {
			isa = XCConfigurationList;
			buildConfigurations = (
				1D6058950D05DD3E006BFB54 /* Release */,
				1D6058940D05DD3E006BFB54 /* Debug */,
			);
			defaultConfigurationIsVisible = 0;
			defaultConfigurationName = Release;
		};
		567B6270114A9F340000AA1F /* Build configuration list for PBXNativeTarget "Unity-iPhone-simulator" */ = {
			isa = XCConfigurationList;
			buildConfigurations = (
				567B6271114A9F340000AA1F /* Release */,
				567B6272114A9F340000AA1F /* Debug */,
			);
			defaultConfigurationIsVisible = 0;
			defaultConfigurationName = Release;
		};
		C01FCF4E08A954540054247B /* Build configuration list for PBXProject "Unity-iPhone" */ = {
			isa = XCConfigurationList;
			buildConfigurations = (
				C01FCF5008A954540054247B /* Release */,
				C01FCF4F08A954540054247B /* Debug */,
			);
			defaultConfigurationIsVisible = 0;
			defaultConfigurationName = Release;
		};
/* End XCConfigurationList section */
	};
	rootObject = 29B97313FDCFA39411CA2CEA /* Project object */;
}
